
Microsoft Visual Studio Solution File, Format Version 12.00
# Visual Studio Version 17
VisualStudioVersion = 17.10.35004.147
MinimumVisualStudioVersion = 10.0.40219.1
Project("{FAE04EC0-301F-11D3-BF4B-00C04F79EFBC}") = "LudoAPI", "LudoAPI\LudoAPI.csproj", "{BAF4EB32-4F87-4509-91C2-E10568F91E2D}"
EndProject
Project("{FAE04EC0-301F-11D3-BF4B-00C04F79EFBC}") = "LudoTest", "LudoTest\LudoTest.csproj", "{DAF49103-05C5-482C-91FD-8CD9A0CD678A}"
EndProject
Global
	GlobalSection(SolutionConfigurationPlatforms) = preSolution
		Debug|Any CPU = Debug|Any CPU
		Release|Any CPU = Release|Any CPU
	EndGlobalSection
	GlobalSection(ProjectConfigurationPlatforms) = postSolution
		{BAF4EB32-4F87-4509-91C2-E10568F91E2D}.Debug|Any CPU.ActiveCfg = Debug|Any CPU
		{BAF4EB32-4F87-4509-91C2-E10568F91E2D}.Debug|Any CPU.Build.0 = Debug|Any CPU
		{BAF4EB32-4F87-4509-91C2-E10568F91E2D}.Release|Any CPU.ActiveCfg = Release|Any CPU
		{BAF4EB32-4F87-4509-91C2-E10568F91E2D}.Release|Any CPU.Build.0 = Release|Any CPU
		{DAF49103-05C5-482C-91FD-8CD9A0CD678A}.Debug|Any CPU.ActiveCfg = Debug|Any CPU
		{DAF49103-05C5-482C-91FD-8CD9A0CD678A}.Debug|Any CPU.Build.0 = Debug|Any CPU
		{DAF49103-05C5-482C-91FD-8CD9A0CD678A}.Release|Any CPU.ActiveCfg = Release|Any CPU
		{DAF49103-05C5-482C-91FD-8CD9A0CD678A}.Release|Any CPU.Build.0 = Release|Any CPU
	EndGlobalSection
	GlobalSection(SolutionProperties) = preSolution
		HideSolutionNode = FALSE
	EndGlobalSection
	GlobalSection(ExtensibilityGlobals) = postSolution
		SolutionGuid = {4A660A12-FF71-4FB8-A03E-7707D2971BD5}
	EndGlobalSection
EndGlobal
